
Microsoft Visual Studio Solution File, Format Version 12.00
# Visual Studio 14
VisualStudioVersion = 14.0.25420.1
MinimumVisualStudioVersion = 10.0.40219.1
Project("{FAE04EC0-301F-11D3-BF4B-00C04F79EFBC}") = "PunchClock.UI.Web", "PunchClock.UI\Web\PunchClock.UI.Web\PunchClock.UI.Web.csproj", "{AD266D6C-53BB-459E-B4B1-3D6A7698C3B9}"
EndProject
Project("{2150E333-8FDC-42A3-9474-1A3956D46DE8}") = "Common", "Common", "{9117DB3B-03E0-4CE7-A93F-B2A0CB66B281}"
EndProject
Project("{2150E333-8FDC-42A3-9474-1A3956D46DE8}") = "Helpers", "Helpers", "{CB829DAB-B600-40EF-BB93-F2EA6186DCCF}"
EndProject
Project("{2150E333-8FDC-42A3-9474-1A3956D46DE8}") = "UI", "UI", "{72F50D6B-9E55-4D68-827D-F60EA651EFED}"
EndProject
Project("{2150E333-8FDC-42A3-9474-1A3956D46DE8}") = "Core", "Core", "{971B9A4D-CFF4-47B5-A7E1-947D6E6E07D4}"
EndProject
Project("{2150E333-8FDC-42A3-9474-1A3956D46DE8}") = "Contracts", "Contracts", "{C8EA899B-406A-4696-9362-F15D7F04C4BE}"
EndProject
Project("{FAE04EC0-301F-11D3-BF4B-00C04F79EFBC}") = "PunchClock.Core.Contracts", "PunchClock.Core\PunchClock.Core.Contracts\PunchClock.Core.Contracts.csproj", "{3F3C7539-9156-4A40-840A-A6DC8BD9D3B3}"
EndProject
Project("{2150E333-8FDC-42A3-9474-1A3956D46DE8}") = "Models", "Models", "{F813EC7C-DF22-4945-99E8-9289FA91DCE7}"
EndProject
Project("{FAE04EC0-301F-11D3-BF4B-00C04F79EFBC}") = "PunchClock.Core.Models.Common", "PunchClock.Core\PunchClock.Core.Models.Common\PunchClock.Core.Models.Common.csproj", "{1B0F2EDD-EBE9-4078-B6B2-DC7A56249206}"
EndProject
Project("{2150E333-8FDC-42A3-9474-1A3956D46DE8}") = "DataAccess", "DataAccess", "{240B2757-267F-40FE-9537-21781E1993BD}"
EndProject
Project("{FAE04EC0-301F-11D3-BF4B-00C04F79EFBC}") = "PunchClock.Core.DataAccess", "PunchClock.Core\PunchClock.Core.DataAccess\PunchClock.Core.DataAccess.csproj", "{35B3BFCB-E505-4ABF-BC2A-6673B759F77A}"
EndProject
Project("{2150E333-8FDC-42A3-9474-1A3956D46DE8}") = "Localization", "Localization", "{E8F97CF0-02C5-444A-A513-4BEF0EB57273}"
EndProject
Project("{FAE04EC0-301F-11D3-BF4B-00C04F79EFBC}") = "PunchClock.Core.Language", "PunchClock.Core\PunchClock.Core.Language\PunchClock.Core.Language.csproj", "{99E50F39-600B-434C-89DE-DCED21DB9B8F}"
EndProject
Project("{2150E333-8FDC-42A3-9474-1A3956D46DE8}") = "Models", "Models", "{FDD8C223-C303-49EE-BDE1-0D7E01FDF07C}"
EndProject
Project("{FAE04EC0-301F-11D3-BF4B-00C04F79EFBC}") = "PunchClock.Domain.Model", "PunchClock.Common\Models\PunchClock.Domain.Model\PunchClock.Domain.Model.csproj", "{5DCD76EF-ABEB-417B-A482-EE53D31525DA}"
EndProject
Project("{FAE04EC0-301F-11D3-BF4B-00C04F79EFBC}") = "PunchClock.View.Model", "PunchClock.Common\Models\PunchClock.View.Model\PunchClock.View.Model.csproj", "{631A7B90-04A6-40E7-AF7B-57F4FAC236CE}"
EndProject
Project("{FAE04EC0-301F-11D3-BF4B-00C04F79EFBC}") = "PunchClock.Helper.Common", "PunchClock.Helpers\PunchClock.Helper.Common\PunchClock.Helper.Common.csproj", "{D813B844-C001-4661-B236-5F08E0EB27BC}"
EndProject
Project("{2150E333-8FDC-42A3-9474-1A3956D46DE8}") = "Implementation", "Implementation", "{A5792C42-A43F-408E-8AFD-490C7CFBD4B5}"
EndProject
Project("{FAE04EC0-301F-11D3-BF4B-00C04F79EFBC}") = "PunchClock.Core.Implementation", "PunchClock.Core\PunchClock.Core.Implementation\PunchClock.Core.Implementation.csproj", "{40B7139D-1746-4AA3-A1F5-4687DCA0BBAC}"
EndProject
Project("{2150E333-8FDC-42A3-9474-1A3956D46DE8}") = "Mappers", "Mappers", "{C0487BFF-B8B2-43C2-92D0-A80767201D3F}"
EndProject
Project("{FAE04EC0-301F-11D3-BF4B-00C04F79EFBC}") = "PunchClock.Model.Mapper", "PunchClock.Common\PunchClock.Model.Mapper\PunchClock.Model.Mapper.csproj", "{12E43F9A-E1E5-434F-BACE-A48128DFC3E7}"
EndProject
Project("{2150E333-8FDC-42A3-9474-1A3956D46DE8}") = "Modules", "Modules", "{563F7892-8D4C-42A9-BBFA-5548844B5755}"
EndProject
Project("{2150E333-8FDC-42A3-9474-1A3956D46DE8}") = "CMS", "CMS", "{A473B40B-6519-4E2C-94CD-A51E365BB99C}"
EndProject
Project("{2150E333-8FDC-42A3-9474-1A3956D46DE8}") = "Ticketing", "Ticketing", "{FF02344E-75B1-48AB-B0B9-76C0964CCADB}"
EndProject
Project("{FAE04EC0-301F-11D3-BF4B-00C04F79EFBC}") = "PunchClock.Ticketing.Contracts", "Modules\Ticketing\PunchClock.Ticketing.Contracts\PunchClock.Ticketing.Contracts.csproj", "{1D64B484-3BA8-4B3A-9196-20375C8046E5}"
EndProject
Project("{FAE04EC0-301F-11D3-BF4B-00C04F79EFBC}") = "PunchClock.Ticketing.Services", "Modules\Ticketing\PunchClock.Ticketing.Services\PunchClock.Ticketing.Services.csproj", "{625DD4D5-3A36-4679-846E-25042936785D}"
EndProject
Project("{FAE04EC0-301F-11D3-BF4B-00C04F79EFBC}") = "PunchClock.Ticketing.Model", "Modules\Ticketing\PunchClock.Ticketing.Model\PunchClock.Ticketing.Model.csproj", "{8DF6E84E-73C8-4BDC-80EA-B0EC0D55776A}"
EndProject
Project("{FAE04EC0-301F-11D3-BF4B-00C04F79EFBC}") = "PunchClock.Ticketing.Testing", "Modules\Ticketing\PunchClock.Ticketing.Testing\PunchClock.Ticketing.Testing.csproj", "{8736A141-1309-4045-888A-98CB675BF231}"
EndProject
Project("{FAE04EC0-301F-11D3-BF4B-00C04F79EFBC}") = "PunchClock.Cms.Model", "Modules\CMS\PunchClock.Cms.Model\PunchClock.Cms.Model.csproj", "{1ADF9C27-B460-46BB-B2BE-379A7E3F5321}"
EndProject
Project("{FAE04EC0-301F-11D3-BF4B-00C04F79EFBC}") = "PunchClock.Cms.Contract", "Modules\CMS\PunchClock.Cms.Contract\PunchClock.Cms.Contract.csproj", "{E190C8EA-4EC4-43AA-9A28-B84A1FA89004}"
EndProject
Project("{FAE04EC0-301F-11D3-BF4B-00C04F79EFBC}") = "PunchClock.Cms.Service", "Modules\CMS\PunchClock.Cms.Service\PunchClock.Cms.Service.csproj", "{7EE33CBC-C9AA-4ACC-97C1-B8EDD4ACAAFB}"
EndProject
Project("{FAE04EC0-301F-11D3-BF4B-00C04F79EFBC}") = "PunchClock.Cms.Testing", "Modules\CMS\PunchClock.Cms.Testing\PunchClock.Cms.Testing.csproj", "{E2D7B16E-F8B8-428C-BE36-D336705381AD}"
EndProject
Global
	GlobalSection(SolutionConfigurationPlatforms) = preSolution
		Debug|Any CPU = Debug|Any CPU
		rbgx|Any CPU = rbgx|Any CPU
		Release|Any CPU = Release|Any CPU
	EndGlobalSection
	GlobalSection(ProjectConfigurationPlatforms) = postSolution
		{AD266D6C-53BB-459E-B4B1-3D6A7698C3B9}.Debug|Any CPU.ActiveCfg = Debug|Any CPU
		{AD266D6C-53BB-459E-B4B1-3D6A7698C3B9}.Debug|Any CPU.Build.0 = Debug|Any CPU
		{AD266D6C-53BB-459E-B4B1-3D6A7698C3B9}.rbgx|Any CPU.ActiveCfg = Release|Any CPU
		{AD266D6C-53BB-459E-B4B1-3D6A7698C3B9}.rbgx|Any CPU.Build.0 = Release|Any CPU
		{AD266D6C-53BB-459E-B4B1-3D6A7698C3B9}.Release|Any CPU.ActiveCfg = Release|Any CPU
		{AD266D6C-53BB-459E-B4B1-3D6A7698C3B9}.Release|Any CPU.Build.0 = Release|Any CPU
		{3F3C7539-9156-4A40-840A-A6DC8BD9D3B3}.Debug|Any CPU.ActiveCfg = Debug|Any CPU
		{3F3C7539-9156-4A40-840A-A6DC8BD9D3B3}.Debug|Any CPU.Build.0 = Debug|Any CPU
		{3F3C7539-9156-4A40-840A-A6DC8BD9D3B3}.rbgx|Any CPU.ActiveCfg = rbgx|Any CPU
		{3F3C7539-9156-4A40-840A-A6DC8BD9D3B3}.rbgx|Any CPU.Build.0 = rbgx|Any CPU
		{3F3C7539-9156-4A40-840A-A6DC8BD9D3B3}.Release|Any CPU.ActiveCfg = Release|Any CPU
		{3F3C7539-9156-4A40-840A-A6DC8BD9D3B3}.Release|Any CPU.Build.0 = Release|Any CPU
		{1B0F2EDD-EBE9-4078-B6B2-DC7A56249206}.Debug|Any CPU.ActiveCfg = Debug|Any CPU
		{1B0F2EDD-EBE9-4078-B6B2-DC7A56249206}.Debug|Any CPU.Build.0 = Debug|Any CPU
		{1B0F2EDD-EBE9-4078-B6B2-DC7A56249206}.rbgx|Any CPU.ActiveCfg = rbgx|Any CPU
		{1B0F2EDD-EBE9-4078-B6B2-DC7A56249206}.rbgx|Any CPU.Build.0 = rbgx|Any CPU
		{1B0F2EDD-EBE9-4078-B6B2-DC7A56249206}.Release|Any CPU.ActiveCfg = Release|Any CPU
		{1B0F2EDD-EBE9-4078-B6B2-DC7A56249206}.Release|Any CPU.Build.0 = Release|Any CPU
		{35B3BFCB-E505-4ABF-BC2A-6673B759F77A}.Debug|Any CPU.ActiveCfg = Debug|Any CPU
		{35B3BFCB-E505-4ABF-BC2A-6673B759F77A}.Debug|Any CPU.Build.0 = Debug|Any CPU
		{35B3BFCB-E505-4ABF-BC2A-6673B759F77A}.rbgx|Any CPU.ActiveCfg = rbgx|Any CPU
		{35B3BFCB-E505-4ABF-BC2A-6673B759F77A}.rbgx|Any CPU.Build.0 = rbgx|Any CPU
		{35B3BFCB-E505-4ABF-BC2A-6673B759F77A}.Release|Any CPU.ActiveCfg = Release|Any CPU
		{35B3BFCB-E505-4ABF-BC2A-6673B759F77A}.Release|Any CPU.Build.0 = Release|Any CPU
		{99E50F39-600B-434C-89DE-DCED21DB9B8F}.Debug|Any CPU.ActiveCfg = Debug|Any CPU
		{99E50F39-600B-434C-89DE-DCED21DB9B8F}.Debug|Any CPU.Build.0 = Debug|Any CPU
		{99E50F39-600B-434C-89DE-DCED21DB9B8F}.rbgx|Any CPU.ActiveCfg = Release|Any CPU
		{99E50F39-600B-434C-89DE-DCED21DB9B8F}.rbgx|Any CPU.Build.0 = Release|Any CPU
		{99E50F39-600B-434C-89DE-DCED21DB9B8F}.Release|Any CPU.ActiveCfg = Release|Any CPU
		{99E50F39-600B-434C-89DE-DCED21DB9B8F}.Release|Any CPU.Build.0 = Release|Any CPU
		{5DCD76EF-ABEB-417B-A482-EE53D31525DA}.Debug|Any CPU.ActiveCfg = Debug|Any CPU
		{5DCD76EF-ABEB-417B-A482-EE53D31525DA}.Debug|Any CPU.Build.0 = Debug|Any CPU
		{5DCD76EF-ABEB-417B-A482-EE53D31525DA}.rbgx|Any CPU.ActiveCfg = Release|Any CPU
		{5DCD76EF-ABEB-417B-A482-EE53D31525DA}.rbgx|Any CPU.Build.0 = Release|Any CPU
		{5DCD76EF-ABEB-417B-A482-EE53D31525DA}.Release|Any CPU.ActiveCfg = Release|Any CPU
		{5DCD76EF-ABEB-417B-A482-EE53D31525DA}.Release|Any CPU.Build.0 = Release|Any CPU
		{631A7B90-04A6-40E7-AF7B-57F4FAC236CE}.Debug|Any CPU.ActiveCfg = Debug|Any CPU
		{631A7B90-04A6-40E7-AF7B-57F4FAC236CE}.Debug|Any CPU.Build.0 = Debug|Any CPU
		{631A7B90-04A6-40E7-AF7B-57F4FAC236CE}.rbgx|Any CPU.ActiveCfg = Release|Any CPU
		{631A7B90-04A6-40E7-AF7B-57F4FAC236CE}.rbgx|Any CPU.Build.0 = Release|Any CPU
		{631A7B90-04A6-40E7-AF7B-57F4FAC236CE}.Release|Any CPU.ActiveCfg = Release|Any CPU
		{631A7B90-04A6-40E7-AF7B-57F4FAC236CE}.Release|Any CPU.Build.0 = Release|Any CPU
		{D813B844-C001-4661-B236-5F08E0EB27BC}.Debug|Any CPU.ActiveCfg = Debug|Any CPU
		{D813B844-C001-4661-B236-5F08E0EB27BC}.Debug|Any CPU.Build.0 = Debug|Any CPU
		{D813B844-C001-4661-B236-5F08E0EB27BC}.rbgx|Any CPU.ActiveCfg = rbgx|Any CPU
		{D813B844-C001-4661-B236-5F08E0EB27BC}.rbgx|Any CPU.Build.0 = rbgx|Any CPU
		{D813B844-C001-4661-B236-5F08E0EB27BC}.Release|Any CPU.ActiveCfg = Release|Any CPU
		{D813B844-C001-4661-B236-5F08E0EB27BC}.Release|Any CPU.Build.0 = Release|Any CPU
		{40B7139D-1746-4AA3-A1F5-4687DCA0BBAC}.Debug|Any CPU.ActiveCfg = Debug|Any CPU
		{40B7139D-1746-4AA3-A1F5-4687DCA0BBAC}.Debug|Any CPU.Build.0 = Debug|Any CPU
		{40B7139D-1746-4AA3-A1F5-4687DCA0BBAC}.rbgx|Any CPU.ActiveCfg = rbgx|Any CPU
		{40B7139D-1746-4AA3-A1F5-4687DCA0BBAC}.rbgx|Any CPU.Build.0 = rbgx|Any CPU
		{40B7139D-1746-4AA3-A1F5-4687DCA0BBAC}.Release|Any CPU.ActiveCfg = Release|Any CPU
		{40B7139D-1746-4AA3-A1F5-4687DCA0BBAC}.Release|Any CPU.Build.0 = Release|Any CPU
		{12E43F9A-E1E5-434F-BACE-A48128DFC3E7}.Debug|Any CPU.ActiveCfg = Debug|Any CPU
		{12E43F9A-E1E5-434F-BACE-A48128DFC3E7}.Debug|Any CPU.Build.0 = Debug|Any CPU
		{12E43F9A-E1E5-434F-BACE-A48128DFC3E7}.rbgx|Any CPU.ActiveCfg = Release|Any CPU
		{12E43F9A-E1E5-434F-BACE-A48128DFC3E7}.rbgx|Any CPU.Build.0 = Release|Any CPU
		{12E43F9A-E1E5-434F-BACE-A48128DFC3E7}.Release|Any CPU.ActiveCfg = Release|Any CPU
		{12E43F9A-E1E5-434F-BACE-A48128DFC3E7}.Release|Any CPU.Build.0 = Release|Any CPU
		{1D64B484-3BA8-4B3A-9196-20375C8046E5}.Debug|Any CPU.ActiveCfg = Debug|Any CPU
		{1D64B484-3BA8-4B3A-9196-20375C8046E5}.Debug|Any CPU.Build.0 = Debug|Any CPU
		{1D64B484-3BA8-4B3A-9196-20375C8046E5}.rbgx|Any CPU.ActiveCfg = Release|Any CPU
		{1D64B484-3BA8-4B3A-9196-20375C8046E5}.rbgx|Any CPU.Build.0 = Release|Any CPU
		{1D64B484-3BA8-4B3A-9196-20375C8046E5}.Release|Any CPU.ActiveCfg = Release|Any CPU
		{1D64B484-3BA8-4B3A-9196-20375C8046E5}.Release|Any CPU.Build.0 = Release|Any CPU
		{625DD4D5-3A36-4679-846E-25042936785D}.Debug|Any CPU.ActiveCfg = Debug|Any CPU
		{625DD4D5-3A36-4679-846E-25042936785D}.Debug|Any CPU.Build.0 = Debug|Any CPU
		{625DD4D5-3A36-4679-846E-25042936785D}.rbgx|Any CPU.ActiveCfg = Release|Any CPU
		{625DD4D5-3A36-4679-846E-25042936785D}.rbgx|Any CPU.Build.0 = Release|Any CPU
		{625DD4D5-3A36-4679-846E-25042936785D}.Release|Any CPU.ActiveCfg = Release|Any CPU
		{625DD4D5-3A36-4679-846E-25042936785D}.Release|Any CPU.Build.0 = Release|Any CPU
		{8DF6E84E-73C8-4BDC-80EA-B0EC0D55776A}.Debug|Any CPU.ActiveCfg = Debug|Any CPU
		{8DF6E84E-73C8-4BDC-80EA-B0EC0D55776A}.Debug|Any CPU.Build.0 = Debug|Any CPU
		{8DF6E84E-73C8-4BDC-80EA-B0EC0D55776A}.rbgx|Any CPU.ActiveCfg = Release|Any CPU
		{8DF6E84E-73C8-4BDC-80EA-B0EC0D55776A}.rbgx|Any CPU.Build.0 = Release|Any CPU
		{8DF6E84E-73C8-4BDC-80EA-B0EC0D55776A}.Release|Any CPU.ActiveCfg = Release|Any CPU
		{8DF6E84E-73C8-4BDC-80EA-B0EC0D55776A}.Release|Any CPU.Build.0 = Release|Any CPU
		{8736A141-1309-4045-888A-98CB675BF231}.Debug|Any CPU.ActiveCfg = Debug|Any CPU
		{8736A141-1309-4045-888A-98CB675BF231}.Debug|Any CPU.Build.0 = Debug|Any CPU
		{8736A141-1309-4045-888A-98CB675BF231}.rbgx|Any CPU.ActiveCfg = Release|Any CPU
		{8736A141-1309-4045-888A-98CB675BF231}.rbgx|Any CPU.Build.0 = Release|Any CPU
		{8736A141-1309-4045-888A-98CB675BF231}.Release|Any CPU.ActiveCfg = Release|Any CPU
		{8736A141-1309-4045-888A-98CB675BF231}.Release|Any CPU.Build.0 = Release|Any CPU
		{1ADF9C27-B460-46BB-B2BE-379A7E3F5321}.Debug|Any CPU.ActiveCfg = Debug|Any CPU
		{1ADF9C27-B460-46BB-B2BE-379A7E3F5321}.Debug|Any CPU.Build.0 = Debug|Any CPU
		{1ADF9C27-B460-46BB-B2BE-379A7E3F5321}.rbgx|Any CPU.ActiveCfg = Release|Any CPU
		{1ADF9C27-B460-46BB-B2BE-379A7E3F5321}.rbgx|Any CPU.Build.0 = Release|Any CPU
		{1ADF9C27-B460-46BB-B2BE-379A7E3F5321}.Release|Any CPU.ActiveCfg = Release|Any CPU
		{1ADF9C27-B460-46BB-B2BE-379A7E3F5321}.Release|Any CPU.Build.0 = Release|Any CPU
		{E190C8EA-4EC4-43AA-9A28-B84A1FA89004}.Debug|Any CPU.ActiveCfg = Debug|Any CPU
		{E190C8EA-4EC4-43AA-9A28-B84A1FA89004}.Debug|Any CPU.Build.0 = Debug|Any CPU
		{E190C8EA-4EC4-43AA-9A28-B84A1FA89004}.rbgx|Any CPU.ActiveCfg = Release|Any CPU
		{E190C8EA-4EC4-43AA-9A28-B84A1FA89004}.rbgx|Any CPU.Build.0 = Release|Any CPU
		{E190C8EA-4EC4-43AA-9A28-B84A1FA89004}.Release|Any CPU.ActiveCfg = Release|Any CPU
		{E190C8EA-4EC4-43AA-9A28-B84A1FA89004}.Release|Any CPU.Build.0 = Release|Any CPU
		{7EE33CBC-C9AA-4ACC-97C1-B8EDD4ACAAFB}.Debug|Any CPU.ActiveCfg = Debug|Any CPU
		{7EE33CBC-C9AA-4ACC-97C1-B8EDD4ACAAFB}.Debug|Any CPU.Build.0 = Debug|Any CPU
		{7EE33CBC-C9AA-4ACC-97C1-B8EDD4ACAAFB}.rbgx|Any CPU.ActiveCfg = Release|Any CPU
		{7EE33CBC-C9AA-4ACC-97C1-B8EDD4ACAAFB}.rbgx|Any CPU.Build.0 = Release|Any CPU
		{7EE33CBC-C9AA-4ACC-97C1-B8EDD4ACAAFB}.Release|Any CPU.ActiveCfg = Release|Any CPU
		{7EE33CBC-C9AA-4ACC-97C1-B8EDD4ACAAFB}.Release|Any CPU.Build.0 = Release|Any CPU
		{E2D7B16E-F8B8-428C-BE36-D336705381AD}.Debug|Any CPU.ActiveCfg = Debug|Any CPU
		{E2D7B16E-F8B8-428C-BE36-D336705381AD}.Debug|Any CPU.Build.0 = Debug|Any CPU
		{E2D7B16E-F8B8-428C-BE36-D336705381AD}.rbgx|Any CPU.ActiveCfg = Release|Any CPU
		{E2D7B16E-F8B8-428C-BE36-D336705381AD}.rbgx|Any CPU.Build.0 = Release|Any CPU
		{E2D7B16E-F8B8-428C-BE36-D336705381AD}.Release|Any CPU.ActiveCfg = Release|Any CPU
		{E2D7B16E-F8B8-428C-BE36-D336705381AD}.Release|Any CPU.Build.0 = Release|Any CPU
	EndGlobalSection
	GlobalSection(SolutionProperties) = preSolution
		HideSolutionNode = FALSE
	EndGlobalSection
	GlobalSection(NestedProjects) = preSolution
		{AD266D6C-53BB-459E-B4B1-3D6A7698C3B9} = {72F50D6B-9E55-4D68-827D-F60EA651EFED}
		{C8EA899B-406A-4696-9362-F15D7F04C4BE} = {971B9A4D-CFF4-47B5-A7E1-947D6E6E07D4}
		{3F3C7539-9156-4A40-840A-A6DC8BD9D3B3} = {C8EA899B-406A-4696-9362-F15D7F04C4BE}
		{F813EC7C-DF22-4945-99E8-9289FA91DCE7} = {971B9A4D-CFF4-47B5-A7E1-947D6E6E07D4}
		{1B0F2EDD-EBE9-4078-B6B2-DC7A56249206} = {F813EC7C-DF22-4945-99E8-9289FA91DCE7}
		{240B2757-267F-40FE-9537-21781E1993BD} = {971B9A4D-CFF4-47B5-A7E1-947D6E6E07D4}
		{35B3BFCB-E505-4ABF-BC2A-6673B759F77A} = {240B2757-267F-40FE-9537-21781E1993BD}
		{E8F97CF0-02C5-444A-A513-4BEF0EB57273} = {971B9A4D-CFF4-47B5-A7E1-947D6E6E07D4}
		{99E50F39-600B-434C-89DE-DCED21DB9B8F} = {E8F97CF0-02C5-444A-A513-4BEF0EB57273}
		{FDD8C223-C303-49EE-BDE1-0D7E01FDF07C} = {9117DB3B-03E0-4CE7-A93F-B2A0CB66B281}
		{5DCD76EF-ABEB-417B-A482-EE53D31525DA} = {FDD8C223-C303-49EE-BDE1-0D7E01FDF07C}
		{631A7B90-04A6-40E7-AF7B-57F4FAC236CE} = {FDD8C223-C303-49EE-BDE1-0D7E01FDF07C}
		{D813B844-C001-4661-B236-5F08E0EB27BC} = {CB829DAB-B600-40EF-BB93-F2EA6186DCCF}
		{A5792C42-A43F-408E-8AFD-490C7CFBD4B5} = {971B9A4D-CFF4-47B5-A7E1-947D6E6E07D4}
		{40B7139D-1746-4AA3-A1F5-4687DCA0BBAC} = {A5792C42-A43F-408E-8AFD-490C7CFBD4B5}
		{C0487BFF-B8B2-43C2-92D0-A80767201D3F} = {9117DB3B-03E0-4CE7-A93F-B2A0CB66B281}
		{12E43F9A-E1E5-434F-BACE-A48128DFC3E7} = {C0487BFF-B8B2-43C2-92D0-A80767201D3F}
		{A473B40B-6519-4E2C-94CD-A51E365BB99C} = {563F7892-8D4C-42A9-BBFA-5548844B5755}
		{FF02344E-75B1-48AB-B0B9-76C0964CCADB} = {563F7892-8D4C-42A9-BBFA-5548844B5755}
		{1D64B484-3BA8-4B3A-9196-20375C8046E5} = {FF02344E-75B1-48AB-B0B9-76C0964CCADB}
		{625DD4D5-3A36-4679-846E-25042936785D} = {FF02344E-75B1-48AB-B0B9-76C0964CCADB}
		{8DF6E84E-73C8-4BDC-80EA-B0EC0D55776A} = {FF02344E-75B1-48AB-B0B9-76C0964CCADB}
		{8736A141-1309-4045-888A-98CB675BF231} = {FF02344E-75B1-48AB-B0B9-76C0964CCADB}
		{1ADF9C27-B460-46BB-B2BE-379A7E3F5321} = {A473B40B-6519-4E2C-94CD-A51E365BB99C}
		{E190C8EA-4EC4-43AA-9A28-B84A1FA89004} = {A473B40B-6519-4E2C-94CD-A51E365BB99C}
		{7EE33CBC-C9AA-4ACC-97C1-B8EDD4ACAAFB} = {A473B40B-6519-4E2C-94CD-A51E365BB99C}
		{E2D7B16E-F8B8-428C-BE36-D336705381AD} = {A473B40B-6519-4E2C-94CD-A51E365BB99C}
	EndGlobalSection
EndGlobal
